# modules.lock
# 65개 모듈의 고정 branch/commit (조사일: 2026-08-25, 각 저장소 shallow clone으로 직접 확인)
# format: name|url|branch|commit_sha|commit_date
# install-modules.sh는 기본적으로 이 파일 기준 commit으로 checkout한다 (재현성, 계획서 13장)
mod-playerbots|https://github.com/mod-playerbots/mod-playerbots|master|2f7d9f774987d0157c6a0d0cc08c40bec3db3945|2026-08-24
mod-individual-progression|https://github.com/ZhengPeiRu21/mod-individual-progression|master|df1016444abcc21d025885282799ba76bebea627|2026-07-07
mod-autobalance|https://github.com/azerothcore/mod-autobalance|master|73d4ad3c379fbfc35c63b5b9b44fba1f7d9e213d|2026-01-16
mod-ollama-chat|https://github.com/DustinHendrickson/mod-ollama-chat|main|8ba5e791f0a84ee04636f0b19b62d3c4aff3dce1|2026-04-26
mod-arac|https://github.com/heyitsbench/mod-arac|master|3f605e09c656eb3b620ef2d70c7ef61808c1cfb0|2025-07-24
mod-auto-revive|https://github.com/azerothcore/mod-auto-revive|master|ce5ca7a600dbef0dec48dc6da42d374d08d6b728|2025-02-27
BGQueueChecker|https://github.com/AnchyDev/BGQueueChecker|master|0a6b9872f5d4f50286e5152c0debfeb1d6ef73a0|2024-04-17
mod-breaking-news-override|https://github.com/azerothcore/mod-breaking-news-override|master|1016344718b1ace3235b00469f0df65d544371db|2026-03-13
mod-challenge-modes|https://github.com/ZhengPeiRu21/mod-challenge-modes|master|1930525b9530d329cb9fe0504a3c9b5b40a12261|2025-11-25
mod-duel-reset|https://github.com/azerothcore/mod-duel-reset|master|e994acd09748995ce23435d4d85913cd44c6a1d6|2025-10-27
mod-dynamic-xp|https://github.com/azerothcore/mod-dynamic-xp|master|06d5d370aa7d8d8644ed241f03a986e28195c2f4|2025-11-02
mod-instance-reset|https://github.com/azerothcore/mod-instance-reset|master|1e2c20770f40f5382348b7649291371f47c86812|2026-03-23
mod-changeablespawnrates|https://github.com/justin-kaufmann/mod-changeablespawnrates|main|c51cd270034d347e767f0ab4c5498693c41109e3|2026-07-19
mod-TimeIsTime|https://github.com/dunjeon/mod-TimeIsTime|master|abfb3a7a031c168c481642604c1389a5d92f4499|2025-06-08
mod-ah-bot|https://github.com/azerothcore/mod-ah-bot|master|a680cc1c98290713e9b3d3289544af78e5186dc1|2025-11-09
mod-boss-announcer|https://github.com/azerothcore/mod-boss-announcer|master|3af6e83e976a9a143ded51f4e8afeb69863fb5ec|2026-03-03
mod-dead-means-dead|https://github.com/kjack9/mod-dead-means-dead|main|725b14973be28c4acea7d1a892bbe7cfdd2e8a51|2023-10-22
mod-dynamic-loot-rates|https://github.com/hallgaeuer/mod-dynamic-loot-rates|master|41ffb6a7c5bc78d1c062b8237a9a185892514a32|2023-10-08
mod-improved-bank|https://github.com/silviu20092/mod-improved-bank|master|89fc606fe6945f201f15f8a3bbc61d01552ea94c|2026-03-23
mod-phased-duels|https://github.com/azerothcore/mod-phased-duels|master|8f122d9c6fb5fc895a232cbc05b30b72ebc455b2|2025-08-09
mod-pvp-titles|https://github.com/azerothcore/mod-pvp-titles|master|2c7c16a4ff504cb43d60919552581833d7efcb05|2025-02-22
mod-junk-to-gold|https://github.com/noisiver/mod-junk-to-gold|master|2134690bb03899e5c9e44d0682e8e6abf0bbbaf2|2025-02-22
mod-rdf-expansion|https://github.com/azerothcore/mod-rdf-expansion|master|c7a91c5973cda4529495b52b89375913f98726d6|2025-02-22
mod-npc-beastmaster|https://github.com/azerothcore/mod-npc-beastmaster|master|99dbd9b73f63c39b0773c575bea7a8add8049ccf|2026-05-11
mod-npc-enchanter|https://github.com/azerothcore/mod-npc-enchanter|master|af32add66eafc0e0eb8775999e76ceed75f18b74|2026-03-23
mod-reagent-bank|https://github.com/ZhengPeiRu21/mod-reagent-bank|master|62c265338ceba10fb754394413e6c4c61cedf9de|2026-04-23
mod-solo-lfg|https://github.com/azerothcore/mod-solo-lfg|master|3821fe1d108ade8d2b7ad6611e41154e05864c65|2025-02-27
mod-transmog|https://github.com/azerothcore/mod-transmog|master|0d85cbc53d63ce2df8527169ce6ae47f5f6f6ba8|2026-07-26
mod-who-logged|https://github.com/azerothcore/mod-who-logged|master|3f439d0aa56d3a4782dee1467f1bdcb16b35aa2f|2025-05-30
mod-individual-xp|https://github.com/azerothcore/mod-individual-xp|master|503471f766bc4f21dca0aa05e6a9d3d40718a780|2026-04-19
mod-npc-spectator|https://github.com/Gozzim/mod-npc-spectator|master|8c9683a2bd8dcb901cc5338342376b15df9e244b|2026-08-14
mod-1v1-arena|https://github.com/azerothcore/mod-1v1-arena|master|5ef5708d031f3b02283e6e599aa655bd320d904e|2026-03-25
mod-account-achievements|https://github.com/azerothcore/mod-account-achievements|master|bfbe3677635feeef823057964e028e023633115a|2025-02-18
mod-npc-buffer|https://github.com/azerothcore/mod-npc-buffer|master|532a6ba80c31b673338fcdb747cb2226bec4887e|2026-03-23
mod-npc-talent-template|https://github.com/azerothcore/mod-npc-talent-template|master|fefce753630fe2de19c92a8bfd12ca536b7ddff6|2026-07-18
mod-low-level-rbg|https://github.com/azerothcore/mod-low-level-rbg|master|dcb8989b0635fb6de0477818de2579de1930267f|2026-05-01
mod-better-item-reloading|https://github.com/azerothcore/mod-better-item-reloading|master|24617d0f94d0bc6d24993e4581661af5c7629b5e|2026-07-13
mod-desertion-warnings|https://github.com/azerothcore/mod-desertion-warnings|master|ed1b7e26869d520b7627c289d461fbc5d040be6a|2025-02-22
mod-emblem-transfer|https://github.com/azerothcore/mod-emblem-transfer|master|2fc69177ed8eb9f764578b2882fa1ad54b4f2756|2026-03-23
mod-fireworks-on-level|https://github.com/azerothcore/mod-fireworks-on-level|master|e5c58542996e0f1ad3410ebdb7cff9ed9d52e3d6|2025-02-27
mod-guildhouse|https://github.com/azerothcore/mod-guildhouse|master|0b3cc14e947a859f8a7751a10676107d6316275b|2026-06-18
mod-morphsummon|https://github.com/azerothcore/mod-morphsummon|master|13ffcbfff126a12df8e716e6613a64961bbddede|2026-03-23
mod-queue-list-cache|https://github.com/azerothcore/mod-queue-list-cache|main|27279f247af0c932962f512d3fc261aefb8dc195|2026-03-23
mod-quick-teleport|https://github.com/azerothcore/mod-quick-teleport|master|3a88ac0f294f7ce21441fb3cb3de13f87c9683eb|2025-02-28
mod-reward-played-time|https://github.com/azerothcore/mod-reward-played-time|master|05d6af40798fea0bef3f93cf316846b0162b596f|2025-12-16
mod-top-arena|https://github.com/azerothcore/mod-top-arena|master|0cef3e349c93d95ef6fc9f9ffa45772a4f338257|2026-03-23
mod-racial-trait-swap|https://github.com/azerothcore/mod-racial-trait-swap|main|77408164c97ac850de69063b80d94e6fd7fd347f|2026-03-23
mod-player-bot-guildhouse|https://github.com/DustinHendrickson/mod-player-bot-guildhouse|main|1d4d649982a523b674321f6ca4c23d11e60c1b7b|2026-01-31
mod_weather_vibe|https://github.com/hermensbas/mod_weather_vibe|main|cb854eb96ef9fa7fa4fd1f6e2d3340fcadb945e8|2026-04-06
mod-fly-anywhere|https://github.com/abracadaniel22/mod-fly-anywhere|main|141b789f9b9c99ebf0c5391df9dafb825f967f9a|2026-04-03
mod-multibot-bridge|https://github.com/Wishmaster117/mod-multibot-bridge|main|d42b23dd288b6ff0871c57bedd98856b705594da|2026-08-20
mod-dungeon-clear|https://github.com/jrad7/mod-dungeon-clear|master|0ed117bb67148091b37541e19c1ae8e19a5260d3|2026-08-19
mod-leech|https://github.com/ZhengPeiRu21/mod-leech|master|da779951a82d909fa2202360c015af84c4f8ec41|2026-04-23
mod-money-for-kills|https://github.com/azerothcore/mod-money-for-kills|master|cd365d91bf20f0c9044298e6f85cbf8f4373bf51|2026-03-15
mod-no-hearthstone-cooldown|https://github.com/BytesGalore/mod-no-hearthstone-cooldown|main|832ef5e6d7268876112be65202ee8e60d287a936|2025-03-07
mod-pvp-zones|https://github.com/azerothcore/mod-pvp-zones|master|14f6eddcec993fa7a7af05b2ccdb069ed20339c9|2026-05-23
mod-skip-dk-starting-area|https://github.com/azerothcore/mod-skip-dk-starting-area|master|cd0bac42056cc469399487269acbb96264ff813e|2025-03-01
mod-cfbg|https://github.com/azerothcore/mod-cfbg|master|78771c6d0d9d5fcd80206eaeb9668452adcbf4ee|2026-07-19
mod-npc-free-professions|https://github.com/azerothcore/mod-npc-free-professions|master|01d8624f9c0789550c0b04b23c54928b054619ce|2026-03-23
mod-random-enchants|https://github.com/azerothcore/mod-random-enchants|master|02a2e0d83b3cfad039bf1967177326aef8dd71f5|2025-07-24
mod-war-effort|https://github.com/azerothcore/mod-war-effort|master|512a2dd97e6589482148ed870dc67e7292a8c5ac|2026-06-21
mod-server-auto-shutdown|https://github.com/azerothcore/mod-server-auto-shutdown|master|625b145109553ed56ec2b2d36d6e7b06fee43520|2025-06-24
mod-aoe-loot|https://github.com/TerraByte-tbwps/mod-aoe-loot|main|be4f06af8e1b455cc31a227f12e2d0a741c799e0|2025-12-03
mod-account-mounts|https://github.com/azerothcore/mod-account-mounts|master|65ea80fb9e8c89924556cb050eac5462a668a2cb|2025-03-18
mod-player-bot-level-brackets|https://github.com/DustinHendrickson/mod-player-bot-level-brackets|main|aca43a5478fd0ee9e6cc18f0ed154bc62cf17eac|2026-08-24
